
Microsoft Visual Studio Solution File, Format Version 11.00
# Visual Studio 2010
Project("{FAE04EC0-301F-11D3-BF4B-00C04F79EFBC}") = "SoS_Simulator", "SoS_Simulator\SoS_Simulator.csproj", "{0C8D7006-EFC8-4ED0-AFC5-272E5C70D1B2}"
EndProject
Project("{FAE04EC0-301F-11D3-BF4B-00C04F79EFBC}") = "Scenario_MCI", "Scenario_MCI\Scenario_MCI.csproj", "{FED1E05B-B155-434B-BF65-A13CBED562E3}"
EndProject
Project("{2150E333-8FDC-42A3-9474-1A3956D46DE8}") = "01_Main", "01_Main", "{129ADB43-95BF-46F5-9DE5-39DFB07ABF59}"
EndProject
Project("{2150E333-8FDC-42A3-9474-1A3956D46DE8}") = "02_Scenario", "02_Scenario", "{982FE90F-C824-4085-B8AD-0DD3BA01387A}"
EndProject
Project("{FAE04EC0-301F-11D3-BF4B-00C04F79EFBC}") = "Scenario_E_Commerce", "Scenario_E_Commerce\Scenario_E_Commerce.csproj", "{52A2F5F7-A7AA-4229-A125-F83BC8229A44}"
EndProject
Project("{2150E333-8FDC-42A3-9474-1A3956D46DE8}") = "03_Debugger", "03_Debugger", "{3E4119B9-3B45-4D8D-B2E1-D5FF28A13099}"
EndProject
Project("{FAE04EC0-301F-11D3-BF4B-00C04F79EFBC}") = "TestOracleGenerator", "TestOracleGenerator\TestOracleGenerator.csproj", "{6F89FC9D-0A21-4852-8758-5E14216D37CA}"
EndProject
Project("{FAE04EC0-301F-11D3-BF4B-00C04F79EFBC}") = "BugTracker", "BugTracker\BugTracker.csproj", "{3448BF86-B80A-4FD0-9339-90164B761AFB}"
EndProject
Project("{FAE04EC0-301F-11D3-BF4B-00C04F79EFBC}") = "Scenario_SmartHomeSystem", "Scenario_SmartHomeSystem\Scenario_SmartHomeSystem.csproj", "{6CF29BA4-6B6A-4965-95DD-5DD54A199104}"
EndProject
Project("{FAE04EC0-301F-11D3-BF4B-00C04F79EFBC}") = "Utility_MCI", "Utility_MCI\Utility_MCI.csproj", "{BE0A2CBF-82BA-43BD-B289-E1C5696BA195}"
EndProject
Project("{2150E333-8FDC-42A3-9474-1A3956D46DE8}") = "01_MCI_Lv1", "01_MCI_Lv1", "{9ADB07FE-FB98-4634-B63C-E53637F56083}"
EndProject
Project("{2150E333-8FDC-42A3-9474-1A3956D46DE8}") = "03_Smart_Home_System", "03_Smart_Home_System", "{1D8A615D-85B0-40A1-8FE4-59E07C2A5E53}"
EndProject
Project("{2150E333-8FDC-42A3-9474-1A3956D46DE8}") = "02_E_Commerce", "02_E_Commerce", "{651CBE85-1236-41AF-B78B-BD6A9D997F84}"
EndProject
Project("{2150E333-8FDC-42A3-9474-1A3956D46DE8}") = "04_MCI_Single", "04_MCI_Single", "{DDF0D9DC-7F8B-4849-BE9F-3C56958DC791}"
EndProject
Project("{FAE04EC0-301F-11D3-BF4B-00C04F79EFBC}") = "Scenario_MCI_Single", "Scenario_MCI_Single\Scenario_MCI_Single.csproj", "{B0BCA968-073E-45F6-82B9-8FF41387A961}"
EndProject
Project("{FAE04EC0-301F-11D3-BF4B-00C04F79EFBC}") = "Utility_E_Commerce", "Utility_E_Commerce\Utility_E_Commerce.csproj", "{8AF5000E-EDD7-4BA4-9B30-A2367497C53E}"
EndProject
Global
	GlobalSection(SolutionConfigurationPlatforms) = preSolution
		Debug|Any CPU = Debug|Any CPU
		Debug|Mixed Platforms = Debug|Mixed Platforms
		Debug|x64 = Debug|x64
		Debug|x86 = Debug|x86
		Release|Any CPU = Release|Any CPU
		Release|Mixed Platforms = Release|Mixed Platforms
		Release|x64 = Release|x64
		Release|x86 = Release|x86
	EndGlobalSection
	GlobalSection(ProjectConfigurationPlatforms) = postSolution
		{0C8D7006-EFC8-4ED0-AFC5-272E5C70D1B2}.Debug|Any CPU.ActiveCfg = Debug|Any CPU
		{0C8D7006-EFC8-4ED0-AFC5-272E5C70D1B2}.Debug|Any CPU.Build.0 = Debug|Any CPU
		{0C8D7006-EFC8-4ED0-AFC5-272E5C70D1B2}.Debug|Mixed Platforms.ActiveCfg = Debug|Any CPU
		{0C8D7006-EFC8-4ED0-AFC5-272E5C70D1B2}.Debug|Mixed Platforms.Build.0 = Debug|Any CPU
		{0C8D7006-EFC8-4ED0-AFC5-272E5C70D1B2}.Debug|x64.ActiveCfg = Debug|x64
		{0C8D7006-EFC8-4ED0-AFC5-272E5C70D1B2}.Debug|x64.Build.0 = Debug|x64
		{0C8D7006-EFC8-4ED0-AFC5-272E5C70D1B2}.Debug|x86.ActiveCfg = Debug|Any CPU
		{0C8D7006-EFC8-4ED0-AFC5-272E5C70D1B2}.Debug|x86.Build.0 = Debug|Any CPU
		{0C8D7006-EFC8-4ED0-AFC5-272E5C70D1B2}.Release|Any CPU.ActiveCfg = Release|x86
		{0C8D7006-EFC8-4ED0-AFC5-272E5C70D1B2}.Release|Mixed Platforms.ActiveCfg = Release|x86
		{0C8D7006-EFC8-4ED0-AFC5-272E5C70D1B2}.Release|Mixed Platforms.Build.0 = Release|x86
		{0C8D7006-EFC8-4ED0-AFC5-272E5C70D1B2}.Release|x64.ActiveCfg = Release|x64
		{0C8D7006-EFC8-4ED0-AFC5-272E5C70D1B2}.Release|x64.Build.0 = Release|x64
		{0C8D7006-EFC8-4ED0-AFC5-272E5C70D1B2}.Release|x86.ActiveCfg = Release|Any CPU
		{0C8D7006-EFC8-4ED0-AFC5-272E5C70D1B2}.Release|x86.Build.0 = Release|Any CPU
		{FED1E05B-B155-434B-BF65-A13CBED562E3}.Debug|Any CPU.ActiveCfg = Debug|Any CPU
		{FED1E05B-B155-434B-BF65-A13CBED562E3}.Debug|Any CPU.Build.0 = Debug|Any CPU
		{FED1E05B-B155-434B-BF65-A13CBED562E3}.Debug|Mixed Platforms.ActiveCfg = Debug|Any CPU
		{FED1E05B-B155-434B-BF65-A13CBED562E3}.Debug|Mixed Platforms.Build.0 = Debug|Any CPU
		{FED1E05B-B155-434B-BF65-A13CBED562E3}.Debug|x64.ActiveCfg = Debug|x64
		{FED1E05B-B155-434B-BF65-A13CBED562E3}.Debug|x64.Build.0 = Debug|x64
		{FED1E05B-B155-434B-BF65-A13CBED562E3}.Debug|x86.ActiveCfg = Debug|Any CPU
		{FED1E05B-B155-434B-BF65-A13CBED562E3}.Debug|x86.Build.0 = Debug|Any CPU
		{FED1E05B-B155-434B-BF65-A13CBED562E3}.Release|Any CPU.ActiveCfg = Release|Any CPU
		{FED1E05B-B155-434B-BF65-A13CBED562E3}.Release|Any CPU.Build.0 = Release|Any CPU
		{FED1E05B-B155-434B-BF65-A13CBED562E3}.Release|Mixed Platforms.ActiveCfg = Release|Any CPU
		{FED1E05B-B155-434B-BF65-A13CBED562E3}.Release|Mixed Platforms.Build.0 = Release|Any CPU
		{FED1E05B-B155-434B-BF65-A13CBED562E3}.Release|x64.ActiveCfg = Release|x64
		{FED1E05B-B155-434B-BF65-A13CBED562E3}.Release|x64.Build.0 = Release|x64
		{FED1E05B-B155-434B-BF65-A13CBED562E3}.Release|x86.ActiveCfg = Release|Any CPU
		{52A2F5F7-A7AA-4229-A125-F83BC8229A44}.Debug|Any CPU.ActiveCfg = Debug|Any CPU
		{52A2F5F7-A7AA-4229-A125-F83BC8229A44}.Debug|Any CPU.Build.0 = Debug|Any CPU
		{52A2F5F7-A7AA-4229-A125-F83BC8229A44}.Debug|Mixed Platforms.ActiveCfg = Debug|Any CPU
		{52A2F5F7-A7AA-4229-A125-F83BC8229A44}.Debug|Mixed Platforms.Build.0 = Debug|Any CPU
		{52A2F5F7-A7AA-4229-A125-F83BC8229A44}.Debug|x64.ActiveCfg = Debug|x64
		{52A2F5F7-A7AA-4229-A125-F83BC8229A44}.Debug|x64.Build.0 = Debug|x64
		{52A2F5F7-A7AA-4229-A125-F83BC8229A44}.Debug|x86.ActiveCfg = Debug|Any CPU
		{52A2F5F7-A7AA-4229-A125-F83BC8229A44}.Debug|x86.Build.0 = Debug|Any CPU
		{52A2F5F7-A7AA-4229-A125-F83BC8229A44}.Release|Any CPU.ActiveCfg = Release|Any CPU
		{52A2F5F7-A7AA-4229-A125-F83BC8229A44}.Release|Any CPU.Build.0 = Release|Any CPU
		{52A2F5F7-A7AA-4229-A125-F83BC8229A44}.Release|Mixed Platforms.ActiveCfg = Release|Any CPU
		{52A2F5F7-A7AA-4229-A125-F83BC8229A44}.Release|Mixed Platforms.Build.0 = Release|Any CPU
		{52A2F5F7-A7AA-4229-A125-F83BC8229A44}.Release|x64.ActiveCfg = Release|x64
		{52A2F5F7-A7AA-4229-A125-F83BC8229A44}.Release|x64.Build.0 = Release|x64
		{52A2F5F7-A7AA-4229-A125-F83BC8229A44}.Release|x86.ActiveCfg = Release|Any CPU
		{6F89FC9D-0A21-4852-8758-5E14216D37CA}.Debug|Any CPU.ActiveCfg = Debug|Any CPU
		{6F89FC9D-0A21-4852-8758-5E14216D37CA}.Debug|Any CPU.Build.0 = Debug|Any CPU
		{6F89FC9D-0A21-4852-8758-5E14216D37CA}.Debug|Mixed Platforms.ActiveCfg = Debug|Any CPU
		{6F89FC9D-0A21-4852-8758-5E14216D37CA}.Debug|Mixed Platforms.Build.0 = Debug|Any CPU
		{6F89FC9D-0A21-4852-8758-5E14216D37CA}.Debug|x64.ActiveCfg = Debug|x64
		{6F89FC9D-0A21-4852-8758-5E14216D37CA}.Debug|x64.Build.0 = Debug|x64
		{6F89FC9D-0A21-4852-8758-5E14216D37CA}.Debug|x86.ActiveCfg = Debug|Any CPU
		{6F89FC9D-0A21-4852-8758-5E14216D37CA}.Debug|x86.Build.0 = Debug|Any CPU
		{6F89FC9D-0A21-4852-8758-5E14216D37CA}.Release|Any CPU.ActiveCfg = Release|Any CPU
		{6F89FC9D-0A21-4852-8758-5E14216D37CA}.Release|Any CPU.Build.0 = Release|Any CPU
		{6F89FC9D-0A21-4852-8758-5E14216D37CA}.Release|Mixed Platforms.ActiveCfg = Release|Any CPU
		{6F89FC9D-0A21-4852-8758-5E14216D37CA}.Release|Mixed Platforms.Build.0 = Release|Any CPU
		{6F89FC9D-0A21-4852-8758-5E14216D37CA}.Release|x64.ActiveCfg = Release|x64
		{6F89FC9D-0A21-4852-8758-5E14216D37CA}.Release|x64.Build.0 = Release|x64
		{6F89FC9D-0A21-4852-8758-5E14216D37CA}.Release|x86.ActiveCfg = Release|Any CPU
		{3448BF86-B80A-4FD0-9339-90164B761AFB}.Debug|Any CPU.ActiveCfg = Debug|Any CPU
		{3448BF86-B80A-4FD0-9339-90164B761AFB}.Debug|Any CPU.Build.0 = Debug|Any CPU
		{3448BF86-B80A-4FD0-9339-90164B761AFB}.Debug|Mixed Platforms.ActiveCfg = Debug|Any CPU
		{3448BF86-B80A-4FD0-9339-90164B761AFB}.Debug|Mixed Platforms.Build.0 = Debug|Any CPU
		{3448BF86-B80A-4FD0-9339-90164B761AFB}.Debug|x64.ActiveCfg = Debug|x64
		{3448BF86-B80A-4FD0-9339-90164B761AFB}.Debug|x64.Build.0 = Debug|x64
		{3448BF86-B80A-4FD0-9339-90164B761AFB}.Debug|x86.ActiveCfg = Debug|Any CPU
		{3448BF86-B80A-4FD0-9339-90164B761AFB}.Debug|x86.Build.0 = Debug|Any CPU
		{3448BF86-B80A-4FD0-9339-90164B761AFB}.Release|Any CPU.ActiveCfg = Release|Any CPU
		{3448BF86-B80A-4FD0-9339-90164B761AFB}.Release|Any CPU.Build.0 = Release|Any CPU
		{3448BF86-B80A-4FD0-9339-90164B761AFB}.Release|Mixed Platforms.ActiveCfg = Release|Any CPU
		{3448BF86-B80A-4FD0-9339-90164B761AFB}.Release|Mixed Platforms.Build.0 = Release|Any CPU
		{3448BF86-B80A-4FD0-9339-90164B761AFB}.Release|x64.ActiveCfg = Release|x64
		{3448BF86-B80A-4FD0-9339-90164B761AFB}.Release|x64.Build.0 = Release|x64
		{3448BF86-B80A-4FD0-9339-90164B761AFB}.Release|x86.ActiveCfg = Release|Any CPU
		{6CF29BA4-6B6A-4965-95DD-5DD54A199104}.Debug|Any CPU.ActiveCfg = Debug|Any CPU
		{6CF29BA4-6B6A-4965-95DD-5DD54A199104}.Debug|Any CPU.Build.0 = Debug|Any CPU
		{6CF29BA4-6B6A-4965-95DD-5DD54A199104}.Debug|Mixed Platforms.ActiveCfg = Debug|Any CPU
		{6CF29BA4-6B6A-4965-95DD-5DD54A199104}.Debug|Mixed Platforms.Build.0 = Debug|Any CPU
		{6CF29BA4-6B6A-4965-95DD-5DD54A199104}.Debug|x64.ActiveCfg = Debug|x64
		{6CF29BA4-6B6A-4965-95DD-5DD54A199104}.Debug|x64.Build.0 = Debug|x64
		{6CF29BA4-6B6A-4965-95DD-5DD54A199104}.Debug|x86.ActiveCfg = Debug|Any CPU
		{6CF29BA4-6B6A-4965-95DD-5DD54A199104}.Debug|x86.Build.0 = Debug|Any CPU
		{6CF29BA4-6B6A-4965-95DD-5DD54A199104}.Release|Any CPU.ActiveCfg = Release|Any CPU
		{6CF29BA4-6B6A-4965-95DD-5DD54A199104}.Release|Any CPU.Build.0 = Release|Any CPU
		{6CF29BA4-6B6A-4965-95DD-5DD54A199104}.Release|Mixed Platforms.ActiveCfg = Release|Any CPU
		{6CF29BA4-6B6A-4965-95DD-5DD54A199104}.Release|Mixed Platforms.Build.0 = Release|Any CPU
		{6CF29BA4-6B6A-4965-95DD-5DD54A199104}.Release|x64.ActiveCfg = Release|x64
		{6CF29BA4-6B6A-4965-95DD-5DD54A199104}.Release|x64.Build.0 = Release|x64
		{6CF29BA4-6B6A-4965-95DD-5DD54A199104}.Release|x86.ActiveCfg = Release|Any CPU
		{BE0A2CBF-82BA-43BD-B289-E1C5696BA195}.Debug|Any CPU.ActiveCfg = Debug|Any CPU
		{BE0A2CBF-82BA-43BD-B289-E1C5696BA195}.Debug|Any CPU.Build.0 = Debug|Any CPU
		{BE0A2CBF-82BA-43BD-B289-E1C5696BA195}.Debug|Mixed Platforms.ActiveCfg = Debug|Any CPU
		{BE0A2CBF-82BA-43BD-B289-E1C5696BA195}.Debug|Mixed Platforms.Build.0 = Debug|Any CPU
		{BE0A2CBF-82BA-43BD-B289-E1C5696BA195}.Debug|x64.ActiveCfg = Debug|x64
		{BE0A2CBF-82BA-43BD-B289-E1C5696BA195}.Debug|x64.Build.0 = Debug|x64
		{BE0A2CBF-82BA-43BD-B289-E1C5696BA195}.Debug|x86.ActiveCfg = Debug|Any CPU
		{BE0A2CBF-82BA-43BD-B289-E1C5696BA195}.Debug|x86.Build.0 = Debug|Any CPU
		{BE0A2CBF-82BA-43BD-B289-E1C5696BA195}.Release|Any CPU.ActiveCfg = Release|Any CPU
		{BE0A2CBF-82BA-43BD-B289-E1C5696BA195}.Release|Any CPU.Build.0 = Release|Any CPU
		{BE0A2CBF-82BA-43BD-B289-E1C5696BA195}.Release|Mixed Platforms.ActiveCfg = Release|Any CPU
		{BE0A2CBF-82BA-43BD-B289-E1C5696BA195}.Release|Mixed Platforms.Build.0 = Release|Any CPU
		{BE0A2CBF-82BA-43BD-B289-E1C5696BA195}.Release|x64.ActiveCfg = Release|x64
		{BE0A2CBF-82BA-43BD-B289-E1C5696BA195}.Release|x64.Build.0 = Release|x64
		{BE0A2CBF-82BA-43BD-B289-E1C5696BA195}.Release|x86.ActiveCfg = Release|Any CPU
		{B0BCA968-073E-45F6-82B9-8FF41387A961}.Debug|Any CPU.ActiveCfg = Debug|Any CPU
		{B0BCA968-073E-45F6-82B9-8FF41387A961}.Debug|Any CPU.Build.0 = Debug|Any CPU
		{B0BCA968-073E-45F6-82B9-8FF41387A961}.Debug|Mixed Platforms.ActiveCfg = Debug|Any CPU
		{B0BCA968-073E-45F6-82B9-8FF41387A961}.Debug|Mixed Platforms.Build.0 = Debug|Any CPU
		{B0BCA968-073E-45F6-82B9-8FF41387A961}.Debug|x64.ActiveCfg = Debug|x64
		{B0BCA968-073E-45F6-82B9-8FF41387A961}.Debug|x64.Build.0 = Debug|x64
		{B0BCA968-073E-45F6-82B9-8FF41387A961}.Debug|x86.ActiveCfg = Debug|x64
		{B0BCA968-073E-45F6-82B9-8FF41387A961}.Release|Any CPU.ActiveCfg = Release|Any CPU
		{B0BCA968-073E-45F6-82B9-8FF41387A961}.Release|Any CPU.Build.0 = Release|Any CPU
		{B0BCA968-073E-45F6-82B9-8FF41387A961}.Release|Mixed Platforms.ActiveCfg = Release|x64
		{B0BCA968-073E-45F6-82B9-8FF41387A961}.Release|Mixed Platforms.Build.0 = Release|x64
		{B0BCA968-073E-45F6-82B9-8FF41387A961}.Release|x64.ActiveCfg = Release|x64
		{B0BCA968-073E-45F6-82B9-8FF41387A961}.Release|x64.Build.0 = Release|x64
		{B0BCA968-073E-45F6-82B9-8FF41387A961}.Release|x86.ActiveCfg = Release|x64
		{8AF5000E-EDD7-4BA4-9B30-A2367497C53E}.Debug|Any CPU.ActiveCfg = Debug|Any CPU
		{8AF5000E-EDD7-4BA4-9B30-A2367497C53E}.Debug|Any CPU.Build.0 = Debug|Any CPU
		{8AF5000E-EDD7-4BA4-9B30-A2367497C53E}.Debug|Mixed Platforms.ActiveCfg = Debug|Any CPU
		{8AF5000E-EDD7-4BA4-9B30-A2367497C53E}.Debug|Mixed Platforms.Build.0 = Debug|Any CPU
		{8AF5000E-EDD7-4BA4-9B30-A2367497C53E}.Debug|x64.ActiveCfg = Debug|x64
		{8AF5000E-EDD7-4BA4-9B30-A2367497C53E}.Debug|x64.Build.0 = Debug|x64
		{8AF5000E-EDD7-4BA4-9B30-A2367497C53E}.Debug|x86.ActiveCfg = Debug|Any CPU
		{8AF5000E-EDD7-4BA4-9B30-A2367497C53E}.Release|Any CPU.ActiveCfg = Release|Any CPU
		{8AF5000E-EDD7-4BA4-9B30-A2367497C53E}.Release|Any CPU.Build.0 = Release|Any CPU
		{8AF5000E-EDD7-4BA4-9B30-A2367497C53E}.Release|Mixed Platforms.ActiveCfg = Release|Any CPU
		{8AF5000E-EDD7-4BA4-9B30-A2367497C53E}.Release|Mixed Platforms.Build.0 = Release|Any CPU
		{8AF5000E-EDD7-4BA4-9B30-A2367497C53E}.Release|x64.ActiveCfg = Release|x64
		{8AF5000E-EDD7-4BA4-9B30-A2367497C53E}.Release|x64.Build.0 = Release|x64
		{8AF5000E-EDD7-4BA4-9B30-A2367497C53E}.Release|x86.ActiveCfg = Release|Any CPU
	EndGlobalSection
	GlobalSection(SolutionProperties) = preSolution
		HideSolutionNode = FALSE
	EndGlobalSection
	GlobalSection(NestedProjects) = preSolution
		{0C8D7006-EFC8-4ED0-AFC5-272E5C70D1B2} = {129ADB43-95BF-46F5-9DE5-39DFB07ABF59}
		{6F89FC9D-0A21-4852-8758-5E14216D37CA} = {129ADB43-95BF-46F5-9DE5-39DFB07ABF59}
		{9ADB07FE-FB98-4634-B63C-E53637F56083} = {982FE90F-C824-4085-B8AD-0DD3BA01387A}
		{651CBE85-1236-41AF-B78B-BD6A9D997F84} = {982FE90F-C824-4085-B8AD-0DD3BA01387A}
		{1D8A615D-85B0-40A1-8FE4-59E07C2A5E53} = {982FE90F-C824-4085-B8AD-0DD3BA01387A}
		{DDF0D9DC-7F8B-4849-BE9F-3C56958DC791} = {982FE90F-C824-4085-B8AD-0DD3BA01387A}
		{BE0A2CBF-82BA-43BD-B289-E1C5696BA195} = {9ADB07FE-FB98-4634-B63C-E53637F56083}
		{FED1E05B-B155-434B-BF65-A13CBED562E3} = {9ADB07FE-FB98-4634-B63C-E53637F56083}
		{52A2F5F7-A7AA-4229-A125-F83BC8229A44} = {651CBE85-1236-41AF-B78B-BD6A9D997F84}
		{8AF5000E-EDD7-4BA4-9B30-A2367497C53E} = {651CBE85-1236-41AF-B78B-BD6A9D997F84}
		{3448BF86-B80A-4FD0-9339-90164B761AFB} = {3E4119B9-3B45-4D8D-B2E1-D5FF28A13099}
		{6CF29BA4-6B6A-4965-95DD-5DD54A199104} = {1D8A615D-85B0-40A1-8FE4-59E07C2A5E53}
		{B0BCA968-073E-45F6-82B9-8FF41387A961} = {DDF0D9DC-7F8B-4849-BE9F-3C56958DC791}
	EndGlobalSection
EndGlobal
